
Microsoft Visual Studio Solution File, Format Version 12.00
Project("{FAE04EC0-301F-11D3-BF4B-00C04F79EFBC}") = "AdapterPattern", "AdapterPattern\AdapterPattern.csproj", "{ECD471F5-E679-42F6-8868-0486A4AF9290}"
EndProject
Global
	GlobalSection(SolutionConfigurationPlatforms) = preSolution
		Debug|Any CPU = Debug|Any CPU
		Release|Any CPU = Release|Any CPU
	EndGlobalSection
	GlobalSection(ProjectConfigurationPlatforms) = postSolution
		{ECD471F5-E679-42F6-8868-0486A4AF9290}.Debug|Any CPU.ActiveCfg = Debug|Any CPU
		{ECD471F5-E679-42F6-8868-0486A4AF9290}.Debug|Any CPU.Build.0 = Debug|Any CPU
		{ECD471F5-E679-42F6-8868-0486A4AF9290}.Release|Any CPU.ActiveCfg = Release|Any CPU
		{ECD471F5-E679-42F6-8868-0486A4AF9290}.Release|Any CPU.Build.0 = Release|Any CPU
	EndGlobalSection
EndGlobal
