
Microsoft Visual Studio Solution File, Format Version 12.00
Project("{FAE04EC0-301F-11D3-BF4B-00C04F79EFBC}") = "ChainOfResponsabilityPattern", "ChainOfResponsabilityPattern\ChainOfResponsabilityPattern.csproj", "{D0A973E9-1B31-4D10-B943-99F11938C819}"
EndProject
Global
	GlobalSection(SolutionConfigurationPlatforms) = preSolution
		Debug|Any CPU = Debug|Any CPU
		Release|Any CPU = Release|Any CPU
	EndGlobalSection
	GlobalSection(ProjectConfigurationPlatforms) = postSolution
		{D0A973E9-1B31-4D10-B943-99F11938C819}.Debug|Any CPU.ActiveCfg = Debug|Any CPU
		{D0A973E9-1B31-4D10-B943-99F11938C819}.Debug|Any CPU.Build.0 = Debug|Any CPU
		{D0A973E9-1B31-4D10-B943-99F11938C819}.Release|Any CPU.ActiveCfg = Release|Any CPU
		{D0A973E9-1B31-4D10-B943-99F11938C819}.Release|Any CPU.Build.0 = Release|Any CPU
	EndGlobalSection
EndGlobal
