
Microsoft Visual Studio Solution File, Format Version 12.00
Project("{FAE04EC0-301F-11D3-BF4B-00C04F79EFBC}") = "MementoPattern", "MementoPattern\MementoPattern.csproj", "{EBA637F6-872E-49F5-9E5F-EB499BB80504}"
EndProject
Global
	GlobalSection(SolutionConfigurationPlatforms) = preSolution
		Debug|Any CPU = Debug|Any CPU
		Release|Any CPU = Release|Any CPU
	EndGlobalSection
	GlobalSection(ProjectConfigurationPlatforms) = postSolution
		{EBA637F6-872E-49F5-9E5F-EB499BB80504}.Debug|Any CPU.ActiveCfg = Debug|Any CPU
		{EBA637F6-872E-49F5-9E5F-EB499BB80504}.Debug|Any CPU.Build.0 = Debug|Any CPU
		{EBA637F6-872E-49F5-9E5F-EB499BB80504}.Release|Any CPU.ActiveCfg = Release|Any CPU
		{EBA637F6-872E-49F5-9E5F-EB499BB80504}.Release|Any CPU.Build.0 = Release|Any CPU
	EndGlobalSection
EndGlobal
